// !$*UTF8*$!
{
	archiveVersion = 1;
	classes = {
	};
	objectVersion = 56;
	objects = {

/* Begin PBXBuildFile section */
		E706A0522995425700922262 /* WorldScrambleView.swift in Sources */ = {isa = PBXBuildFile; fileRef = E706A0512995425700922262 /* WorldScrambleView.swift */; };
		E70A66BC29A4EEF000CD5E94 /* P11View.swift in Sources */ = {isa = PBXBuildFile; fileRef = E70A66BB29A4EEF000CD5E94 /* P11View.swift */; };
		E70A66BF29A5076F00CD5E94 /* Order.swift in Sources */ = {isa = PBXBuildFile; fileRef = E70A66BE29A5076F00CD5E94 /* Order.swift */; };
		E70A66C329A507E600CD5E94 /* CupCakeView.swift in Sources */ = {isa = PBXBuildFile; fileRef = E70A66C229A507E600CD5E94 /* CupCakeView.swift */; };
		E70A66C529A50C4600CD5E94 /* AddressView.swift in Sources */ = {isa = PBXBuildFile; fileRef = E70A66C429A50C4600CD5E94 /* AddressView.swift */; };
		E70A66C729A5DBA000CD5E94 /* CheckOutView.swift in Sources */ = {isa = PBXBuildFile; fileRef = E70A66C629A5DBA000CD5E94 /* CheckOutView.swift */; };
		E71593C4298F9D560063430D /* GuessFlagView.swift in Sources */ = {isa = PBXBuildFile; fileRef = E71593C3298F9D560063430D /* GuessFlagView.swift */; };
		E71593C6298FB2B10063430D /* PageListView.swift in Sources */ = {isa = PBXBuildFile; fileRef = E71593C5298FB2B10063430D /* PageListView.swift */; };
		E71593C829914F5E0063430D /* BetterResetView.swift in Sources */ = {isa = PBXBuildFile; fileRef = E71593C729914F5E0063430D /* BetterResetView.swift */; };
		E71593CD29928FE20063430D /* SleepCalculator.mlmodel in Sources */ = {isa = PBXBuildFile; fileRef = E71593CC29928FE20063430D /* SleepCalculator.mlmodel */; };
		E71B79A429A25B2400AE63F1 /* missions.json in Resources */ = {isa = PBXBuildFile; fileRef = E71B794929A25B1E00AE63F1 /* missions.json */; };
		E71B79FD29A25B2400AE63F1 /* astronauts.json in Resources */ = {isa = PBXBuildFile; fileRef = E71B79A329A25B2400AE63F1 /* astronauts.json */; };
		E71B7A0029A25F5000AE63F1 /* Astronaut.swift in Sources */ = {isa = PBXBuildFile; fileRef = E71B79FF29A25F5000AE63F1 /* Astronaut.swift */; };
		E71B7A0229A25FBD00AE63F1 /* Bundle-Decodable.swift in Sources */ = {isa = PBXBuildFile; fileRef = E71B7A0129A25FBD00AE63F1 /* Bundle-Decodable.swift */; };
		E7785BBA298E47F400D79E7E /* WeSplitApp.swift in Sources */ = {isa = PBXBuildFile; fileRef = E7785BB9298E47F400D79E7E /* WeSplitApp.swift */; };
		E7785BBC298E47F400D79E7E /* WeSplitView.swift in Sources */ = {isa = PBXBuildFile; fileRef = E7785BBB298E47F400D79E7E /* WeSplitView.swift */; };
		E7785BBE298E47F600D79E7E /* Assets.xcassets in Resources */ = {isa = PBXBuildFile; fileRef = E7785BBD298E47F600D79E7E /* Assets.xcassets */; };
		E7785BC1298E47F600D79E7E /* Preview Assets.xcassets in Resources */ = {isa = PBXBuildFile; fileRef = E7785BC0298E47F600D79E7E /* Preview Assets.xcassets */; };
		E77C147B29972F0800CC9DE2 /* start.txt in Resources */ = {isa = PBXBuildFile; fileRef = E77C147A29972F0800CC9DE2 /* start.txt */; };
		E79DC6302990B58400B8FEA5 /* ViewsAndModifiers.swift in Sources */ = {isa = PBXBuildFile; fileRef = E79DC62F2990B58400B8FEA5 /* ViewsAndModifiers.swift */; };
		E7A69EBD299A69BD00A74466 /* AddExpenceView.swift in Sources */ = {isa = PBXBuildFile; fileRef = E7A69EBC299A69BD00A74466 /* AddExpenceView.swift */; };
		E7A69EBF299BC94500A74466 /* P9View.swift in Sources */ = {isa = PBXBuildFile; fileRef = E7A69EBE299BC94500A74466 /* P9View.swift */; };
		E7A69EC1299BC95400A74466 /* MoonShotView.swift in Sources */ = {isa = PBXBuildFile; fileRef = E7A69EC0299BC95400A74466 /* MoonShotView.swift */; };
		E7D169B4299884E10033BDC7 /* IExpenceView.swift in Sources */ = {isa = PBXBuildFile; fileRef = E7D169B3299884E10033BDC7 /* IExpenceView.swift */; };
		E7D169B62998D7FB0033BDC7 /* ExampleView.swift in Sources */ = {isa = PBXBuildFile; fileRef = E7D169B52998D7FB0033BDC7 /* ExampleView.swift */; };
		E7D169B82998E86A0033BDC7 /* UserDefaultView.swift in Sources */ = {isa = PBXBuildFile; fileRef = E7D169B72998E86A0033BDC7 /* UserDefaultView.swift */; };
		E7D2BC8629A8809800D811DD /* BookwormView.swift in Sources */ = {isa = PBXBuildFile; fileRef = E7D2BC8529A8809800D811DD /* BookwormView.swift */; };
		E7D715C529A3342400105B99 /* Mission.swift in Sources */ = {isa = PBXBuildFile; fileRef = E7D715C429A3342400105B99 /* Mission.swift */; };
		E7D715C929A3A50E00105B99 /* Color-Theme.swift in Sources */ = {isa = PBXBuildFile; fileRef = E7D715C829A3A50E00105B99 /* Color-Theme.swift */; };
		E7D715CB29A3AB0000105B99 /* MissionView.swift in Sources */ = {isa = PBXBuildFile; fileRef = E7D715CA29A3AB0000105B99 /* MissionView.swift */; };
		E7D715CD29A3B95300105B99 /* AstronautView.swift in Sources */ = {isa = PBXBuildFile; fileRef = E7D715CC29A3B95300105B99 /* AstronautView.swift */; };
/* End PBXBuildFile section */

/* Begin PBXFileReference section */
		E706A0512995425700922262 /* WorldScrambleView.swift */ = {isa = PBXFileReference; lastKnownFileType = sourcecode.swift; path = WorldScrambleView.swift; sourceTree = "<group>"; };
		E70A66BB29A4EEF000CD5E94 /* P11View.swift */ = {isa = PBXFileReference; lastKnownFileType = sourcecode.swift; path = P11View.swift; sourceTree = "<group>"; };
		E70A66BD29A4FB8A00CD5E94 /* Info.plist */ = {isa = PBXFileReference; lastKnownFileType = text.plist; path = Info.plist; sourceTree = "<group>"; };
		E70A66BE29A5076F00CD5E94 /* Order.swift */ = {isa = PBXFileReference; lastKnownFileType = sourcecode.swift; path = Order.swift; sourceTree = "<group>"; };
		E70A66C229A507E600CD5E94 /* CupCakeView.swift */ = {isa = PBXFileReference; lastKnownFileType = sourcecode.swift; path = CupCakeView.swift; sourceTree = "<group>"; };
		E70A66C429A50C4600CD5E94 /* AddressView.swift */ = {isa = PBXFileReference; lastKnownFileType = sourcecode.swift; path = AddressView.swift; sourceTree = "<group>"; };
		E70A66C629A5DBA000CD5E94 /* CheckOutView.swift */ = {isa = PBXFileReference; lastKnownFileType = sourcecode.swift; path = CheckOutView.swift; sourceTree = "<group>"; };
		E71593C3298F9D560063430D /* GuessFlagView.swift */ = {isa = PBXFileReference; lastKnownFileType = sourcecode.swift; path = GuessFlagView.swift; sourceTree = "<group>"; };
		E71593C5298FB2B10063430D /* PageListView.swift */ = {isa = PBXFileReference; lastKnownFileType = sourcecode.swift; path = PageListView.swift; sourceTree = "<group>"; };
		E71593C729914F5E0063430D /* BetterResetView.swift */ = {isa = PBXFileReference; lastKnownFileType = sourcecode.swift; path = BetterResetView.swift; sourceTree = "<group>"; };
		E71593CC29928FE20063430D /* SleepCalculator.mlmodel */ = {isa = PBXFileReference; lastKnownFileType = file.mlmodel; path = SleepCalculator.mlmodel; sourceTree = "<group>"; };
		E71B794929A25B1E00AE63F1 /* missions.json */ = {isa = PBXFileReference; fileEncoding = 4; lastKnownFileType = text.json; path = missions.json; sourceTree = "<group>"; };
		E71B79A329A25B2400AE63F1 /* astronauts.json */ = {isa = PBXFileReference; fileEncoding = 4; lastKnownFileType = text.json; path = astronauts.json; sourceTree = "<group>"; };
		E71B79FF29A25F5000AE63F1 /* Astronaut.swift */ = {isa = PBXFileReference; lastKnownFileType = sourcecode.swift; path = Astronaut.swift; sourceTree = "<group>"; };
		E71B7A0129A25FBD00AE63F1 /* Bundle-Decodable.swift */ = {isa = PBXFileReference; lastKnownFileType = sourcecode.swift; path = "Bundle-Decodable.swift"; sourceTree = "<group>"; };
		E7785BB6298E47F400D79E7E /* WeSplit.app */ = {isa = PBXFileReference; explicitFileType = wrapper.application; includeInIndex = 0; path = WeSplit.app; sourceTree = BUILT_PRODUCTS_DIR; };
		E7785BB9298E47F400D79E7E /* WeSplitApp.swift */ = {isa = PBXFileReference; lastKnownFileType = sourcecode.swift; path = WeSplitApp.swift; sourceTree = "<group>"; };
		E7785BBB298E47F400D79E7E /* WeSplitView.swift */ = {isa = PBXFileReference; lastKnownFileType = sourcecode.swift; path = WeSplitView.swift; sourceTree = "<group>"; };
		E7785BBD298E47F600D79E7E /* Assets.xcassets */ = {isa = PBXFileReference; lastKnownFileType = folder.assetcatalog; path = Assets.xcassets; sourceTree = "<group>"; };
		E7785BC0298E47F600D79E7E /* Preview Assets.xcassets */ = {isa = PBXFileReference; lastKnownFileType = folder.assetcatalog; path = "Preview Assets.xcassets"; sourceTree = "<group>"; };
		E77C147A29972F0800CC9DE2 /* start.txt */ = {isa = PBXFileReference; fileEncoding = 4; lastKnownFileType = text; path = start.txt; sourceTree = "<group>"; };
		E79DC62F2990B58400B8FEA5 /* ViewsAndModifiers.swift */ = {isa = PBXFileReference; lastKnownFileType = sourcecode.swift; path = ViewsAndModifiers.swift; sourceTree = "<group>"; };
		E7A69EBC299A69BD00A74466 /* AddExpenceView.swift */ = {isa = PBXFileReference; lastKnownFileType = sourcecode.swift; path = AddExpenceView.swift; sourceTree = "<group>"; };
		E7A69EBE299BC94500A74466 /* P9View.swift */ = {isa = PBXFileReference; lastKnownFileType = sourcecode.swift; path = P9View.swift; sourceTree = "<group>"; };
		E7A69EC0299BC95400A74466 /* MoonShotView.swift */ = {isa = PBXFileReference; lastKnownFileType = sourcecode.swift; path = MoonShotView.swift; sourceTree = "<group>"; };
		E7D169B3299884E10033BDC7 /* IExpenceView.swift */ = {isa = PBXFileReference; lastKnownFileType = sourcecode.swift; path = IExpenceView.swift; sourceTree = "<group>"; };
		E7D169B52998D7FB0033BDC7 /* ExampleView.swift */ = {isa = PBXFileReference; lastKnownFileType = sourcecode.swift; path = ExampleView.swift; sourceTree = "<group>"; };
		E7D169B72998E86A0033BDC7 /* UserDefaultView.swift */ = {isa = PBXFileReference; lastKnownFileType = sourcecode.swift; path = UserDefaultView.swift; sourceTree = "<group>"; };
		E7D2BC8529A8809800D811DD /* BookwormView.swift */ = {isa = PBXFileReference; lastKnownFileType = sourcecode.swift; path = BookwormView.swift; sourceTree = "<group>"; };
		E7D715C429A3342400105B99 /* Mission.swift */ = {isa = PBXFileReference; lastKnownFileType = sourcecode.swift; path = Mission.swift; sourceTree = "<group>"; };
		E7D715C829A3A50E00105B99 /* Color-Theme.swift */ = {isa = PBXFileReference; lastKnownFileType = sourcecode.swift; path = "Color-Theme.swift"; sourceTree = "<group>"; };
		E7D715CA29A3AB0000105B99 /* MissionView.swift */ = {isa = PBXFileReference; lastKnownFileType = sourcecode.swift; path = MissionView.swift; sourceTree = "<group>"; };
		E7D715CC29A3B95300105B99 /* AstronautView.swift */ = {isa = PBXFileReference; lastKnownFileType = sourcecode.swift; path = AstronautView.swift; sourceTree = "<group>"; };
/* End PBXFileReference section */

/* Begin PBXFrameworksBuildPhase section */
		E7785BB3298E47F400D79E7E /* Frameworks */ = {
			isa = PBXFrameworksBuildPhase;
			buildActionMask = 2147483647;
			files = (
			);
			runOnlyForDeploymentPostprocessing = 0;
		};
/* End PBXFrameworksBuildPhase section */

/* Begin PBXGroup section */
		E71593C9299285B50063430D /* AIModels */ = {
			isa = PBXGroup;
			children = (
				E71593CC29928FE20063430D /* SleepCalculator.mlmodel */,
			);
			path = AIModels;
			sourceTree = "<group>";
		};
		E71B79FE29A25B2C00AE63F1 /* JSONs */ = {
			isa = PBXGroup;
			children = (
				E71B79A329A25B2400AE63F1 /* astronauts.json */,
				E71B794929A25B1E00AE63F1 /* missions.json */,
			);
			path = JSONs;
			sourceTree = "<group>";
		};
		E7785BAD298E47F400D79E7E = {
			isa = PBXGroup;
			children = (
				E7785BB8298E47F400D79E7E /* WeSplit */,
				E7785BB7298E47F400D79E7E /* Products */,
			);
			sourceTree = "<group>";
		};
		E7785BB7298E47F400D79E7E /* Products */ = {
			isa = PBXGroup;
			children = (
				E7785BB6298E47F400D79E7E /* WeSplit.app */,
			);
			name = Products;
			sourceTree = "<group>";
		};
		E7785BB8298E47F400D79E7E /* WeSplit */ = {
			isa = PBXGroup;
			children = (
				E7785BB9298E47F400D79E7E /* WeSplitApp.swift */,
				E71593C5298FB2B10063430D /* PageListView.swift */,
				E7785BBB298E47F400D79E7E /* WeSplitView.swift */,
				E71593C3298F9D560063430D /* GuessFlagView.swift */,
				E79DC62F2990B58400B8FEA5 /* ViewsAndModifiers.swift */,
				E71593C729914F5E0063430D /* BetterResetView.swift */,
				E706A0512995425700922262 /* WorldScrambleView.swift */,
				E7D169B3299884E10033BDC7 /* IExpenceView.swift */,
				E7A69EBC299A69BD00A74466 /* AddExpenceView.swift */,
				E7D2BC8329A87FEE00D811DD /* Moonshot */,
				E7D2BC8229A87FD300D811DD /* Cupcake */,
				E7D2BC8429A8804800D811DD /* Bookworm */,
				E7D715C629A3A4CB00105B99 /* Models */,
				E7D715C729A3A4FC00105B99 /* Extensions */,
				E71B79FE29A25B2C00AE63F1 /* JSONs */,
				E7D169B92998F55B0033BDC7 /* Practice */,
				E77C147929972EF000CC9DE2 /* Resources */,
				E71593C9299285B50063430D /* AIModels */,
				E7785BBD298E47F600D79E7E /* Assets.xcassets */,
				E70A66BD29A4FB8A00CD5E94 /* Info.plist */,
				E7785BBF298E47F600D79E7E /* Preview Content */,
			);
			path = WeSplit;
			sourceTree = "<group>";
		};
		E7785BBF298E47F600D79E7E /* Preview Content */ = {
			isa = PBXGroup;
			children = (
				E7785BC0298E47F600D79E7E /* Preview Assets.xcassets */,
			);
			path = "Preview Content";
			sourceTree = "<group>";
		};
		E77C147929972EF000CC9DE2 /* Resources */ = {
			isa = PBXGroup;
			children = (
				E77C147A29972F0800CC9DE2 /* start.txt */,
			);
			path = Resources;
			sourceTree = "<group>";
		};
		E7D169B92998F55B0033BDC7 /* Practice */ = {
			isa = PBXGroup;
			children = (
				E7D169B52998D7FB0033BDC7 /* ExampleView.swift */,
				E7D169B72998E86A0033BDC7 /* UserDefaultView.swift */,
				E7A69EBE299BC94500A74466 /* P9View.swift */,
				E70A66BB29A4EEF000CD5E94 /* P11View.swift */,
			);
			path = Practice;
			sourceTree = "<group>";
		};
		E7D2BC8229A87FD300D811DD /* Cupcake */ = {
			isa = PBXGroup;
			children = (
				E70A66C229A507E600CD5E94 /* CupCakeView.swift */,
				E70A66C429A50C4600CD5E94 /* AddressView.swift */,
				E70A66C629A5DBA000CD5E94 /* CheckOutView.swift */,
			);
			path = Cupcake;
			sourceTree = "<group>";
		};
		E7D2BC8329A87FEE00D811DD /* Moonshot */ = {
			isa = PBXGroup;
			children = (
				E7A69EC0299BC95400A74466 /* MoonShotView.swift */,
				E7D715CA29A3AB0000105B99 /* MissionView.swift */,
				E7D715CC29A3B95300105B99 /* AstronautView.swift */,
			);
			path = Moonshot;
			sourceTree = "<group>";
		};
		E7D2BC8429A8804800D811DD /* Bookworm */ = {
			isa = PBXGroup;
			children = (
				E7D2BC8529A8809800D811DD /* BookwormView.swift */,
			);
			path = Bookworm;
			sourceTree = "<group>";
		};
		E7D715C629A3A4CB00105B99 /* Models */ = {
			isa = PBXGroup;
			children = (
				E70A66BE29A5076F00CD5E94 /* Order.swift */,
				E71B79FF29A25F5000AE63F1 /* Astronaut.swift */,
				E7D715C429A3342400105B99 /* Mission.swift */,
			);
			path = Models;
			sourceTree = "<group>";
		};
		E7D715C729A3A4FC00105B99 /* Extensions */ = {
			isa = PBXGroup;
			children = (
				E71B7A0129A25FBD00AE63F1 /* Bundle-Decodable.swift */,
				E7D715C829A3A50E00105B99 /* Color-Theme.swift */,
			);
			path = Extensions;
			sourceTree = "<group>";
		};
/* End PBXGroup section */

/* Begin PBXNativeTarget section */
		E7785BB5298E47F400D79E7E /* WeSplit */ = {
			isa = PBXNativeTarget;
			buildConfigurationList = E7785BC4298E47F600D79E7E /* Build configuration list for PBXNativeTarget "WeSplit" */;
			buildPhases = (
				E7785BB2298E47F400D79E7E /* Sources */,
				E7785BB3298E47F400D79E7E /* Frameworks */,
				E7785BB4298E47F400D79E7E /* Resources */,
			);
			buildRules = (
			);
			dependencies = (
			);
			name = WeSplit;
			productName = WeSplit;
			productReference = E7785BB6298E47F400D79E7E /* WeSplit.app */;
			productType = "com.apple.product-type.application";
		};
/* End PBXNativeTarget section */

/* Begin PBXProject section */
		E7785BAE298E47F400D79E7E /* Project object */ = {
			isa = PBXProject;
			attributes = {
				BuildIndependentTargetsInParallel = 1;
				LastSwiftUpdateCheck = 1420;
				LastUpgradeCheck = 1420;
				TargetAttributes = {
					E7785BB5298E47F400D79E7E = {
						CreatedOnToolsVersion = 14.2;
					};
				};
			};
			buildConfigurationList = E7785BB1298E47F400D79E7E /* Build configuration list for PBXProject "WeSplit" */;
			compatibilityVersion = "Xcode 14.0";
			developmentRegion = en;
			hasScannedForEncodings = 0;
			knownRegions = (
				en,
				Base,
			);
			mainGroup = E7785BAD298E47F400D79E7E;
			productRefGroup = E7785BB7298E47F400D79E7E /* Products */;
			projectDirPath = "";
			projectRoot = "";
			targets = (
				E7785BB5298E47F400D79E7E /* WeSplit */,
			);
		};
/* End PBXProject section */

/* Begin PBXResourcesBuildPhase section */
		E7785BB4298E47F400D79E7E /* Resources */ = {
			isa = PBXResourcesBuildPhase;
			buildActionMask = 2147483647;
			files = (
				E7785BC1298E47F600D79E7E /* Preview Assets.xcassets in Resources */,
				E77C147B29972F0800CC9DE2 /* start.txt in Resources */,
				E71B79FD29A25B2400AE63F1 /* astronauts.json in Resources */,
				E71B79A429A25B2400AE63F1 /* missions.json in Resources */,
				E7785BBE298E47F600D79E7E /* Assets.xcassets in Resources */,
			);
			runOnlyForDeploymentPostprocessing = 0;
		};
/* End PBXResourcesBuildPhase section */

/* Begin PBXSourcesBuildPhase section */
		E7785BB2298E47F400D79E7E /* Sources */ = {
			isa = PBXSourcesBuildPhase;
			buildActionMask = 2147483647;
			files = (
				E71593C829914F5E0063430D /* BetterResetView.swift in Sources */,
				E71593CD29928FE20063430D /* SleepCalculator.mlmodel in Sources */,
				E79DC6302990B58400B8FEA5 /* ViewsAndModifiers.swift in Sources */,
				E7785BBC298E47F400D79E7E /* WeSplitView.swift in Sources */,
				E7D2BC8629A8809800D811DD /* BookwormView.swift in Sources */,
				E70A66BF29A5076F00CD5E94 /* Order.swift in Sources */,
				E70A66C529A50C4600CD5E94 /* AddressView.swift in Sources */,
				E71593C6298FB2B10063430D /* PageListView.swift in Sources */,
				E7D715CB29A3AB0000105B99 /* MissionView.swift in Sources */,
				E71593C4298F9D560063430D /* GuessFlagView.swift in Sources */,
				E7D169B4299884E10033BDC7 /* IExpenceView.swift in Sources */,
				E7D715C929A3A50E00105B99 /* Color-Theme.swift in Sources */,
				E706A0522995425700922262 /* WorldScrambleView.swift in Sources */,
				E70A66BC29A4EEF000CD5E94 /* P11View.swift in Sources */,
				E7785BBA298E47F400D79E7E /* WeSplitApp.swift in Sources */,
				E7A69EC1299BC95400A74466 /* MoonShotView.swift in Sources */,
				E7D169B82998E86A0033BDC7 /* UserDefaultView.swift in Sources */,
				E70A66C729A5DBA000CD5E94 /* CheckOutView.swift in Sources */,
				E70A66C329A507E600CD5E94 /* CupCakeView.swift in Sources */,
				E71B7A0229A25FBD00AE63F1 /* Bundle-Decodable.swift in Sources */,
				E7D715CD29A3B95300105B99 /* AstronautView.swift in Sources */,
				E7D169B62998D7FB0033BDC7 /* ExampleView.swift in Sources */,
				E7D715C529A3342400105B99 /* Mission.swift in Sources */,
				E71B7A0029A25F5000AE63F1 /* Astronaut.swift in Sources */,
				E7A69EBF299BC94500A74466 /* P9View.swift in Sources */,
				E7A69EBD299A69BD00A74466 /* AddExpenceView.swift in Sources */,
			);
			runOnlyForDeploymentPostprocessing = 0;
		};
/* End PBXSourcesBuildPhase section */

/* Begin XCBuildConfiguration section */
		E7785BC2298E47F600D79E7E /* Debug */ = {
			isa = XCBuildConfiguration;
			buildSettings = {
				ALWAYS_SEARCH_USER_PATHS = NO;
				CLANG_ANALYZER_NONNULL = YES;
				CLANG_ANALYZER_NUMBER_OBJECT_CONVERSION = YES_AGGRESSIVE;
				CLANG_CXX_LANGUAGE_STANDARD = "gnu++20";
				CLANG_ENABLE_MODULES = YES;
				CLANG_ENABLE_OBJC_ARC = YES;
				CLANG_ENABLE_OBJC_WEAK = YES;
				CLANG_WARN_BLOCK_CAPTURE_AUTORELEASING = YES;
				CLANG_WARN_BOOL_CONVERSION = YES;
				CLANG_WARN_COMMA = YES;
				CLANG_WARN_CONSTANT_CONVERSION = YES;
				CLANG_WARN_DEPRECATED_OBJC_IMPLEMENTATIONS = YES;
				CLANG_WARN_DIRECT_OBJC_ISA_USAGE = YES_ERROR;
				CLANG_WARN_DOCUMENTATION_COMMENTS = YES;
				CLANG_WARN_EMPTY_BODY = YES;
				CLANG_WARN_ENUM_CONVERSION = YES;
				CLANG_WARN_INFINITE_RECURSION = YES;
				CLANG_WARN_INT_CONVERSION = YES;
				CLANG_WARN_NON_LITERAL_NULL_CONVERSION = YES;
				CLANG_WARN_OBJC_IMPLICIT_RETAIN_SELF = YES;
				CLANG_WARN_OBJC_LITERAL_CONVERSION = YES;
				CLANG_WARN_OBJC_ROOT_CLASS = YES_ERROR;
				CLANG_WARN_QUOTED_INCLUDE_IN_FRAMEWORK_HEADER = YES;
				CLANG_WARN_RANGE_LOOP_ANALYSIS = YES;
				CLANG_WARN_STRICT_PROTOTYPES = YES;
				CLANG_WARN_SUSPICIOUS_MOVE = YES;
				CLANG_WARN_UNGUARDED_AVAILABILITY = YES_AGGRESSIVE;
				CLANG_WARN_UNREACHABLE_CODE = YES;
				CLANG_WARN__DUPLICATE_METHOD_MATCH = YES;
				COPY_PHASE_STRIP = NO;
				DEBUG_INFORMATION_FORMAT = dwarf;
				ENABLE_STRICT_OBJC_MSGSEND = YES;
				ENABLE_TESTABILITY = YES;
				GCC_C_LANGUAGE_STANDARD = gnu11;
				GCC_DYNAMIC_NO_PIC = NO;
				GCC_NO_COMMON_BLOCKS = YES;
				GCC_OPTIMIZATION_LEVEL = 0;
				GCC_PREPROCESSOR_DEFINITIONS = (
					"DEBUG=1",
					"$(inherited)",
				);
				GCC_WARN_64_TO_32_BIT_CONVERSION = YES;
				GCC_WARN_ABOUT_RETURN_TYPE = YES_ERROR;
				GCC_WARN_UNDECLARED_SELECTOR = YES;
				GCC_WARN_UNINITIALIZED_AUTOS = YES_AGGRESSIVE;
				GCC_WARN_UNUSED_FUNCTION = YES;
				GCC_WARN_UNUSED_VARIABLE = YES;
				IPHONEOS_DEPLOYMENT_TARGET = 16.2;
				MTL_ENABLE_DEBUG_INFO = INCLUDE_SOURCE;
				MTL_FAST_MATH = YES;
				ONLY_ACTIVE_ARCH = YES;
				SDKROOT = iphoneos;
				SWIFT_ACTIVE_COMPILATION_CONDITIONS = DEBUG;
				SWIFT_OPTIMIZATION_LEVEL = "-Onone";
			};
			name = Debug;
		};
		E7785BC3298E47F600D79E7E /* Release */ = {
			isa = XCBuildConfiguration;
			buildSettings = {
				ALWAYS_SEARCH_USER_PATHS = NO;
				CLANG_ANALYZER_NONNULL = YES;
				CLANG_ANALYZER_NUMBER_OBJECT_CONVERSION = YES_AGGRESSIVE;
				CLANG_CXX_LANGUAGE_STANDARD = "gnu++20";
				CLANG_ENABLE_MODULES = YES;
				CLANG_ENABLE_OBJC_ARC = YES;
				CLANG_ENABLE_OBJC_WEAK = YES;
				CLANG_WARN_BLOCK_CAPTURE_AUTORELEASING = YES;
				CLANG_WARN_BOOL_CONVERSION = YES;
				CLANG_WARN_COMMA = YES;
				CLANG_WARN_CONSTANT_CONVERSION = YES;
				CLANG_WARN_DEPRECATED_OBJC_IMPLEMENTATIONS = YES;
				CLANG_WARN_DIRECT_OBJC_ISA_USAGE = YES_ERROR;
				CLANG_WARN_DOCUMENTATION_COMMENTS = YES;
				CLANG_WARN_EMPTY_BODY = YES;
				CLANG_WARN_ENUM_CONVERSION = YES;
				CLANG_WARN_INFINITE_RECURSION = YES;
				CLANG_WARN_INT_CONVERSION = YES;
				CLANG_WARN_NON_LITERAL_NULL_CONVERSION = YES;
				CLANG_WARN_OBJC_IMPLICIT_RETAIN_SELF = YES;
				CLANG_WARN_OBJC_LITERAL_CONVERSION = YES;
				CLANG_WARN_OBJC_ROOT_CLASS = YES_ERROR;
				CLANG_WARN_QUOTED_INCLUDE_IN_FRAMEWORK_HEADER = YES;
				CLANG_WARN_RANGE_LOOP_ANALYSIS = YES;
				CLANG_WARN_STRICT_PROTOTYPES = YES;
				CLANG_WARN_SUSPICIOUS_MOVE = YES;
				CLANG_WARN_UNGUARDED_AVAILABILITY = YES_AGGRESSIVE;
				CLANG_WARN_UNREACHABLE_CODE = YES;
				CLANG_WARN__DUPLICATE_METHOD_MATCH = YES;
				COPY_PHASE_STRIP = NO;
				DEBUG_INFORMATION_FORMAT = "dwarf-with-dsym";
				ENABLE_NS_ASSERTIONS = NO;
				ENABLE_STRICT_OBJC_MSGSEND = YES;
				GCC_C_LANGUAGE_STANDARD = gnu11;
				GCC_NO_COMMON_BLOCKS = YES;
				GCC_WARN_64_TO_32_BIT_CONVERSION = YES;
				GCC_WARN_ABOUT_RETURN_TYPE = YES_ERROR;
				GCC_WARN_UNDECLARED_SELECTOR = YES;
				GCC_WARN_UNINITIALIZED_AUTOS = YES_AGGRESSIVE;
				GCC_WARN_UNUSED_FUNCTION = YES;
				GCC_WARN_UNUSED_VARIABLE = YES;
				IPHONEOS_DEPLOYMENT_TARGET = 16.2;
				MTL_ENABLE_DEBUG_INFO = NO;
				MTL_FAST_MATH = YES;
				SDKROOT = iphoneos;
				SWIFT_COMPILATION_MODE = wholemodule;
				SWIFT_OPTIMIZATION_LEVEL = "-O";
				VALIDATE_PRODUCT = YES;
			};
			name = Release;
		};
		E7785BC5298E47F600D79E7E /* Debug */ = {
			isa = XCBuildConfiguration;
			buildSettings = {
				ASSETCATALOG_COMPILER_APPICON_NAME = AppIcon;
				ASSETCATALOG_COMPILER_GLOBAL_ACCENT_COLOR_NAME = AccentColor;
				CODE_SIGN_STYLE = Automatic;
				CURRENT_PROJECT_VERSION = 1;
				DEVELOPMENT_ASSET_PATHS = "\"WeSplit/Preview Content\"";
				DEVELOPMENT_TEAM = NPQHYBSUAH;
				ENABLE_PREVIEWS = YES;
				GENERATE_INFOPLIST_FILE = YES;
				INFOPLIST_FILE = WeSplit/Info.plist;
				INFOPLIST_KEY_UIApplicationSupportsIndirectInputEvents = YES;
				INFOPLIST_KEY_UILaunchScreen_Generation = YES;
				INFOPLIST_KEY_UISupportedInterfaceOrientations_iPad = "UIInterfaceOrientationPortrait UIInterfaceOrientationPortraitUpsideDown UIInterfaceOrientationLandscapeLeft UIInterfaceOrientationLandscapeRight";
				INFOPLIST_KEY_UISupportedInterfaceOrientations_iPhone = "UIInterfaceOrientationPortrait UIInterfaceOrientationLandscapeLeft UIInterfaceOrientationLandscapeRight";
				LD_RUNPATH_SEARCH_PATHS = (
					"$(inherited)",
					"@executable_path/Frameworks",
				);
				MARKETING_VERSION = 1.0;
				PRODUCT_BUNDLE_IDENTIFIER = dev.tlang.WeSplit;
				PRODUCT_NAME = "$(TARGET_NAME)";
				SWIFT_EMIT_LOC_STRINGS = YES;
				SWIFT_VERSION = 5.0;
				TARGETED_DEVICE_FAMILY = "1,2";
			};
			name = Debug;
		};
		E7785BC6298E47F600D79E7E /* Release */ = {
			isa = XCBuildConfiguration;
			buildSettings = {
				ASSETCATALOG_COMPILER_APPICON_NAME = AppIcon;
				ASSETCATALOG_COMPILER_GLOBAL_ACCENT_COLOR_NAME = AccentColor;
				CODE_SIGN_STYLE = Automatic;
				CURRENT_PROJECT_VERSION = 1;
				DEVELOPMENT_ASSET_PATHS = "\"WeSplit/Preview Content\"";
				DEVELOPMENT_TEAM = NPQHYBSUAH;
				ENABLE_PREVIEWS = YES;
				GENERATE_INFOPLIST_FILE = YES;
				INFOPLIST_FILE = WeSplit/Info.plist;
				INFOPLIST_KEY_UIApplicationSupportsIndirectInputEvents = YES;
				INFOPLIST_KEY_UILaunchScreen_Generation = YES;
				INFOPLIST_KEY_UISupportedInterfaceOrientations_iPad = "UIInterfaceOrientationPortrait UIInterfaceOrientationPortraitUpsideDown UIInterfaceOrientationLandscapeLeft UIInterfaceOrientationLandscapeRight";
				INFOPLIST_KEY_UISupportedInterfaceOrientations_iPhone = "UIInterfaceOrientationPortrait UIInterfaceOrientationLandscapeLeft UIInterfaceOrientationLandscapeRight";
				LD_RUNPATH_SEARCH_PATHS = (
					"$(inherited)",
					"@executable_path/Frameworks",
				);
				MARKETING_VERSION = 1.0;
				PRODUCT_BUNDLE_IDENTIFIER = dev.tlang.WeSplit;
				PRODUCT_NAME = "$(TARGET_NAME)";
				SWIFT_EMIT_LOC_STRINGS = YES;
				SWIFT_VERSION = 5.0;
				TARGETED_DEVICE_FAMILY = "1,2";
			};
			name = Release;
		};
/* End XCBuildConfiguration section */

/* Begin XCConfigurationList section */
		E7785BB1298E47F400D79E7E /* Build configuration list for PBXProject "WeSplit" */ = {
			isa = XCConfigurationList;
			buildConfigurations = (
				E7785BC2298E47F600D79E7E /* Debug */,
				E7785BC3298E47F600D79E7E /* Release */,
			);
			defaultConfigurationIsVisible = 0;
			defaultConfigurationName = Release;
		};
		E7785BC4298E47F600D79E7E /* Build configuration list for PBXNativeTarget "WeSplit" */ = {
			isa = XCConfigurationList;
			buildConfigurations = (
				E7785BC5298E47F600D79E7E /* Debug */,
				E7785BC6298E47F600D79E7E /* Release */,
			);
			defaultConfigurationIsVisible = 0;
			defaultConfigurationName = Release;
		};
/* End XCConfigurationList section */
	};
	rootObject = E7785BAE298E47F400D79E7E /* Project object */;
}
